
Microsoft Visual Studio Solution File, Format Version 12.00
Project("{2150E333-8FDC-42A3-9474-1A3956D46DE8}") = "Agent", "Agent", "{763D9EE5-70AA-46C5-A489-82EA4F204113}"
EndProject
Project("{2150E333-8FDC-42A3-9474-1A3956D46DE8}") = "Server", "Server", "{BC839F4E-D5AB-44F6-B60B-DF7F9D153869}"
EndProject
Project("{FAE04EC0-301F-11D3-BF4B-00C04F79EFBC}") = "Server.Domain", "src\Server\Server.Domain\Server.Domain.csproj", "{8A72B87F-4025-4D6C-8425-6695BF952066}"
EndProject
Project("{FAE04EC0-301F-11D3-BF4B-00C04F79EFBC}") = "Server.Application", "src\Server\Server.Application\Server.Application.csproj", "{5E47E97A-4704-4D54-8256-AABA4BDADC5A}"
EndProject
Project("{FAE04EC0-301F-11D3-BF4B-00C04F79EFBC}") = "Server.Infrastructure", "src\Server\Server.Infrastructure\Server.Infrastructure.csproj", "{0BB97497-A67A-4302-8565-2EF2E50E87B5}"
EndProject
Project("{FAE04EC0-301F-11D3-BF4B-00C04F79EFBC}") = "Server.Api", "src\Server\Server.Api\Server.Api.csproj", "{81AB85C7-191A-4795-AF7E-F7D73E94E705}"
EndProject
Project("{FAE04EC0-301F-11D3-BF4B-00C04F79EFBC}") = "Server.Application.Tests", "src\Tests\Server.Application.Tests\Server.Application.Tests.csproj", "{88FC702D-84DC-47A6-9F77-E733705827C1}"
EndProject
Project("{FAE04EC0-301F-11D3-BF4B-00C04F79EFBC}") = "Agent.Worker", "src\Agent\Agent.Worker\Agent.Worker.csproj", "{72D7DECD-DB94-4321-883D-9B59DF3CCA4B}"
EndProject
Project("{FAE04EC0-301F-11D3-BF4B-00C04F79EFBC}") = "Agent.Domain", "src\Agent\Agent.Domain\Agent.Domain.csproj", "{3C6EBB3A-AE07-4B2D-8E43-2CF56AFC91C4}"
EndProject
Project("{2150E333-8FDC-42A3-9474-1A3956D46DE8}") = "Tests", "Tests", "{A3895407-E469-4A99-B280-EFC5B40B7959}"
EndProject
Project("{2150E333-8FDC-42A3-9474-1A3956D46DE8}") = "Tests", "Tests", "{009DC8DE-8E7B-472F-9921-2D65DBDFB6D6}"
EndProject
Project("{FAE04EC0-301F-11D3-BF4B-00C04F79EFBC}") = "Agent.Application", "src\Agent\Agent.Application\Agent.Application.csproj", "{AF4344E2-25C4-4933-A784-1218F2D5523E}"
EndProject
Project("{FAE04EC0-301F-11D3-BF4B-00C04F79EFBC}") = "Agent.Infrastructure", "src\Agent\Agent.Infrastructure\Agent.Infrastructure.csproj", "{50291D15-407C-449B-AF90-89DEB49A43D9}"
EndProject
Project("{FAE04EC0-301F-11D3-BF4B-00C04F79EFBC}") = "Server.Domain.Tests", "src\Tests\Server.Domain.Tests\Server.Domain.Tests.csproj", "{EE82DD41-BDFB-4046-8A85-CF0199A807C8}"
EndProject
Project("{FAE04EC0-301F-11D3-BF4B-00C04F79EFBC}") = "Server.Infrastructure.Tests", "src\Tests\Server.Infrastructure.Tests\Server.Infrastructure.Tests.csproj", "{3C2E1654-D37A-4116-B888-8418FCA6B273}"
EndProject
Project("{2150E333-8FDC-42A3-9474-1A3956D46DE8}") = "Items", "Items", "{A8FC149F-D1FA-4776-8699-795732200090}"
	ProjectSection(SolutionItems) = preProject
		docker-compose.yaml = docker-compose.yaml
		.editorconfig = .editorconfig
	EndProjectSection
EndProject
Project("{2150E333-8FDC-42A3-9474-1A3956D46DE8}") = "Common", "Common", "{3DFB96AC-782D-4573-B5B5-27D7221A7566}"
EndProject
Project("{FAE04EC0-301F-11D3-BF4B-00C04F79EFBC}") = "Common.Messages", "src\Common\Common.Messages\Common.Messages.csproj", "{D92B0D74-64AC-44B1-A258-EEE4FB7D5679}"
EndProject
Global
	GlobalSection(SolutionConfigurationPlatforms) = preSolution
		Debug|Any CPU = Debug|Any CPU
		Release|Any CPU = Release|Any CPU
	EndGlobalSection
	GlobalSection(NestedProjects) = preSolution
		{8A72B87F-4025-4D6C-8425-6695BF952066} = {BC839F4E-D5AB-44F6-B60B-DF7F9D153869}
		{5E47E97A-4704-4D54-8256-AABA4BDADC5A} = {BC839F4E-D5AB-44F6-B60B-DF7F9D153869}
		{0BB97497-A67A-4302-8565-2EF2E50E87B5} = {BC839F4E-D5AB-44F6-B60B-DF7F9D153869}
		{81AB85C7-191A-4795-AF7E-F7D73E94E705} = {BC839F4E-D5AB-44F6-B60B-DF7F9D153869}
		{72D7DECD-DB94-4321-883D-9B59DF3CCA4B} = {763D9EE5-70AA-46C5-A489-82EA4F204113}
		{3C6EBB3A-AE07-4B2D-8E43-2CF56AFC91C4} = {763D9EE5-70AA-46C5-A489-82EA4F204113}
		{A3895407-E469-4A99-B280-EFC5B40B7959} = {BC839F4E-D5AB-44F6-B60B-DF7F9D153869}
		{88FC702D-84DC-47A6-9F77-E733705827C1} = {A3895407-E469-4A99-B280-EFC5B40B7959}
		{009DC8DE-8E7B-472F-9921-2D65DBDFB6D6} = {763D9EE5-70AA-46C5-A489-82EA4F204113}
		{AF4344E2-25C4-4933-A784-1218F2D5523E} = {763D9EE5-70AA-46C5-A489-82EA4F204113}
		{50291D15-407C-449B-AF90-89DEB49A43D9} = {763D9EE5-70AA-46C5-A489-82EA4F204113}
		{EE82DD41-BDFB-4046-8A85-CF0199A807C8} = {A3895407-E469-4A99-B280-EFC5B40B7959}
		{3C2E1654-D37A-4116-B888-8418FCA6B273} = {A3895407-E469-4A99-B280-EFC5B40B7959}
		{A8FC149F-D1FA-4776-8699-795732200090} = {BC839F4E-D5AB-44F6-B60B-DF7F9D153869}
		{D92B0D74-64AC-44B1-A258-EEE4FB7D5679} = {3DFB96AC-782D-4573-B5B5-27D7221A7566}
	EndGlobalSection
	GlobalSection(ProjectConfigurationPlatforms) = postSolution
		{8A72B87F-4025-4D6C-8425-6695BF952066}.Debug|Any CPU.ActiveCfg = Debug|Any CPU
		{8A72B87F-4025-4D6C-8425-6695BF952066}.Debug|Any CPU.Build.0 = Debug|Any CPU
		{8A72B87F-4025-4D6C-8425-6695BF952066}.Release|Any CPU.ActiveCfg = Release|Any CPU
		{8A72B87F-4025-4D6C-8425-6695BF952066}.Release|Any CPU.Build.0 = Release|Any CPU
		{5E47E97A-4704-4D54-8256-AABA4BDADC5A}.Debug|Any CPU.ActiveCfg = Debug|Any CPU
		{5E47E97A-4704-4D54-8256-AABA4BDADC5A}.Debug|Any CPU.Build.0 = Debug|Any CPU
		{5E47E97A-4704-4D54-8256-AABA4BDADC5A}.Release|Any CPU.ActiveCfg = Release|Any CPU
		{5E47E97A-4704-4D54-8256-AABA4BDADC5A}.Release|Any CPU.Build.0 = Release|Any CPU
		{0BB97497-A67A-4302-8565-2EF2E50E87B5}.Debug|Any CPU.ActiveCfg = Debug|Any CPU
		{0BB97497-A67A-4302-8565-2EF2E50E87B5}.Debug|Any CPU.Build.0 = Debug|Any CPU
		{0BB97497-A67A-4302-8565-2EF2E50E87B5}.Release|Any CPU.ActiveCfg = Release|Any CPU
		{0BB97497-A67A-4302-8565-2EF2E50E87B5}.Release|Any CPU.Build.0 = Release|Any CPU
		{81AB85C7-191A-4795-AF7E-F7D73E94E705}.Debug|Any CPU.ActiveCfg = Debug|Any CPU
		{81AB85C7-191A-4795-AF7E-F7D73E94E705}.Debug|Any CPU.Build.0 = Debug|Any CPU
		{81AB85C7-191A-4795-AF7E-F7D73E94E705}.Release|Any CPU.ActiveCfg = Release|Any CPU
		{81AB85C7-191A-4795-AF7E-F7D73E94E705}.Release|Any CPU.Build.0 = Release|Any CPU
		{88FC702D-84DC-47A6-9F77-E733705827C1}.Debug|Any CPU.ActiveCfg = Debug|Any CPU
		{88FC702D-84DC-47A6-9F77-E733705827C1}.Debug|Any CPU.Build.0 = Debug|Any CPU
		{88FC702D-84DC-47A6-9F77-E733705827C1}.Release|Any CPU.ActiveCfg = Release|Any CPU
		{88FC702D-84DC-47A6-9F77-E733705827C1}.Release|Any CPU.Build.0 = Release|Any CPU
		{72D7DECD-DB94-4321-883D-9B59DF3CCA4B}.Debug|Any CPU.ActiveCfg = Debug|Any CPU
		{72D7DECD-DB94-4321-883D-9B59DF3CCA4B}.Debug|Any CPU.Build.0 = Debug|Any CPU
		{72D7DECD-DB94-4321-883D-9B59DF3CCA4B}.Release|Any CPU.ActiveCfg = Release|Any CPU
		{72D7DECD-DB94-4321-883D-9B59DF3CCA4B}.Release|Any CPU.Build.0 = Release|Any CPU
		{3C6EBB3A-AE07-4B2D-8E43-2CF56AFC91C4}.Debug|Any CPU.ActiveCfg = Debug|Any CPU
		{3C6EBB3A-AE07-4B2D-8E43-2CF56AFC91C4}.Debug|Any CPU.Build.0 = Debug|Any CPU
		{3C6EBB3A-AE07-4B2D-8E43-2CF56AFC91C4}.Release|Any CPU.ActiveCfg = Release|Any CPU
		{3C6EBB3A-AE07-4B2D-8E43-2CF56AFC91C4}.Release|Any CPU.Build.0 = Release|Any CPU
		{AF4344E2-25C4-4933-A784-1218F2D5523E}.Debug|Any CPU.ActiveCfg = Debug|Any CPU
		{AF4344E2-25C4-4933-A784-1218F2D5523E}.Debug|Any CPU.Build.0 = Debug|Any CPU
		{AF4344E2-25C4-4933-A784-1218F2D5523E}.Release|Any CPU.ActiveCfg = Release|Any CPU
		{AF4344E2-25C4-4933-A784-1218F2D5523E}.Release|Any CPU.Build.0 = Release|Any CPU
		{50291D15-407C-449B-AF90-89DEB49A43D9}.Debug|Any CPU.ActiveCfg = Debug|Any CPU
		{50291D15-407C-449B-AF90-89DEB49A43D9}.Debug|Any CPU.Build.0 = Debug|Any CPU
		{50291D15-407C-449B-AF90-89DEB49A43D9}.Release|Any CPU.ActiveCfg = Release|Any CPU
		{50291D15-407C-449B-AF90-89DEB49A43D9}.Release|Any CPU.Build.0 = Release|Any CPU
		{EE82DD41-BDFB-4046-8A85-CF0199A807C8}.Debug|Any CPU.ActiveCfg = Debug|Any CPU
		{EE82DD41-BDFB-4046-8A85-CF0199A807C8}.Debug|Any CPU.Build.0 = Debug|Any CPU
		{EE82DD41-BDFB-4046-8A85-CF0199A807C8}.Release|Any CPU.ActiveCfg = Release|Any CPU
		{EE82DD41-BDFB-4046-8A85-CF0199A807C8}.Release|Any CPU.Build.0 = Release|Any CPU
		{3C2E1654-D37A-4116-B888-8418FCA6B273}.Debug|Any CPU.ActiveCfg = Debug|Any CPU
		{3C2E1654-D37A-4116-B888-8418FCA6B273}.Debug|Any CPU.Build.0 = Debug|Any CPU
		{3C2E1654-D37A-4116-B888-8418FCA6B273}.Release|Any CPU.ActiveCfg = Release|Any CPU
		{3C2E1654-D37A-4116-B888-8418FCA6B273}.Release|Any CPU.Build.0 = Release|Any CPU
		{D92B0D74-64AC-44B1-A258-EEE4FB7D5679}.Debug|Any CPU.ActiveCfg = Debug|Any CPU
		{D92B0D74-64AC-44B1-A258-EEE4FB7D5679}.Debug|Any CPU.Build.0 = Debug|Any CPU
		{D92B0D74-64AC-44B1-A258-EEE4FB7D5679}.Release|Any CPU.ActiveCfg = Release|Any CPU
		{D92B0D74-64AC-44B1-A258-EEE4FB7D5679}.Release|Any CPU.Build.0 = Release|Any CPU
	EndGlobalSection
EndGlobal
